# THIS IS AN AUTOGENERATED FILE. DO NOT EDIT THIS FILE DIRECTLY.
# yarn lockfile v1


"@rackai/domql@^0.0.1":
  version "0.0.1"
  resolved "https://registry.yarnpkg.com/@rackai/domql/-/domql-0.0.1.tgz#1619f8a60d1d3e3a2150c783fada54392f8d6039"
  integrity sha512-VL4uphuhUHQ9dUtMCiBEYV3qaJzhVwpsdrdSQflcoZS8JWjIt/oWW5VZlEQvWkEfrWxEn8fihyodrAqZ1tpWnw==
  dependencies:
    regenerator-runtime "^0.13.5"

regenerator-runtime@^0.13.5:
  version "0.13.7"
  resolved "https://registry.yarnpkg.com/regenerator-runtime/-/regenerator-runtime-0.13.7.tgz#cac2dacc8a1ea675feaabaeb8ae833898ae46f55"
  integrity sha512-a54FxoJDIr27pgf7IgeQGxmqUNYrcV338lf/6gH456HZ/PhX+5BcwHXG9ajESmwe6WRO0tAzRUrRmNONWgkrew==
